
Microsoft Visual Studio Solution File, Format Version 12.00
# Visual Studio 2013
VisualStudioVersion = 12.0.31101.0
MinimumVisualStudioVersion = 10.0.40219.1
Project("{FAE04EC0-301F-11D3-BF4B-00C04F79EFBC}") = "ScoreToGo", "ScoreToGo\ScoreToGo.csproj", "{7C3FF466-3FEF-4D8A-A7B7-F90E439EE251}"
EndProject
Project("{FAE04EC0-301F-11D3-BF4B-00C04F79EFBC}") = "ScoreToGo.Tests", "ScoreToGo.Tests\ScoreToGo.Tests.csproj", "{AA5F923F-9550-4524-B9E4-25DA044CDFB3}"
EndProject
Project("{FAE04EC0-301F-11D3-BF4B-00C04F79EFBC}") = "STG.Business", "STGBusiness\STG.Business.csproj", "{630D36E3-CE80-4679-8C18-CD254A117908}"
EndProject
Global
	GlobalSection(SolutionConfigurationPlatforms) = preSolution
		Debug|Any CPU = Debug|Any CPU
		Release|Any CPU = Release|Any CPU
	EndGlobalSection
	GlobalSection(ProjectConfigurationPlatforms) = postSolution
		{7C3FF466-3FEF-4D8A-A7B7-F90E439EE251}.Debug|Any CPU.ActiveCfg = Debug|Any CPU
		{7C3FF466-3FEF-4D8A-A7B7-F90E439EE251}.Debug|Any CPU.Build.0 = Debug|Any CPU
		{7C3FF466-3FEF-4D8A-A7B7-F90E439EE251}.Release|Any CPU.ActiveCfg = Release|Any CPU
		{7C3FF466-3FEF-4D8A-A7B7-F90E439EE251}.Release|Any CPU.Build.0 = Release|Any CPU
		{AA5F923F-9550-4524-B9E4-25DA044CDFB3}.Debug|Any CPU.ActiveCfg = Debug|Any CPU
		{AA5F923F-9550-4524-B9E4-25DA044CDFB3}.Debug|Any CPU.Build.0 = Debug|Any CPU
		{AA5F923F-9550-4524-B9E4-25DA044CDFB3}.Release|Any CPU.ActiveCfg = Release|Any CPU
		{AA5F923F-9550-4524-B9E4-25DA044CDFB3}.Release|Any CPU.Build.0 = Release|Any CPU
		{630D36E3-CE80-4679-8C18-CD254A117908}.Debug|Any CPU.ActiveCfg = Debug|Any CPU
		{630D36E3-CE80-4679-8C18-CD254A117908}.Debug|Any CPU.Build.0 = Debug|Any CPU
		{630D36E3-CE80-4679-8C18-CD254A117908}.Release|Any CPU.ActiveCfg = Release|Any CPU
		{630D36E3-CE80-4679-8C18-CD254A117908}.Release|Any CPU.Build.0 = Release|Any CPU
	EndGlobalSection
	GlobalSection(SolutionProperties) = preSolution
		HideSolutionNode = FALSE
	EndGlobalSection
EndGlobal
