
Microsoft Visual Studio Solution File, Format Version 12.00
# Visual Studio 2013
VisualStudioVersion = 12.0.31101.0
MinimumVisualStudioVersion = 10.0.40219.1
Project("{FAE04EC0-301F-11D3-BF4B-00C04F79EFBC}") = "ScoreToGo", "ScoreToGo\ScoreToGo.csproj", "{7C3FF466-3FEF-4D8A-A7B7-F90E439EE251}"
EndProject
Project("{FAE04EC0-301F-11D3-BF4B-00C04F79EFBC}") = "ScoreToGo.Tests", "ScoreToGo.Tests\ScoreToGo.Tests.csproj", "{AA5F923F-9550-4524-B9E4-25DA044CDFB3}"
EndProject
Project("{FAE04EC0-301F-11D3-BF4B-00C04F79EFBC}") = "STG.Business", "STGBusiness\STG.Business.csproj", "{630D36E3-CE80-4679-8C18-CD254A117908}"
EndProject
Project("{FAE04EC0-301F-11D3-BF4B-00C04F79EFBC}") = "STG.DataAccess", "STG.DataAccess\STG.DataAccess.csproj", "{11DEB114-5A79-4624-BAB4-D337CF88509B}"
EndProject
Project("{FAE04EC0-301F-11D3-BF4B-00C04F79EFBC}") = "STG.Importer", "STG.Importer\STG.Importer.csproj", "{2E743568-6617-44A6-B9B0-58580184AD1B}"
EndProject
Project("{FAE04EC0-301F-11D3-BF4B-00C04F79EFBC}") = "STG.Domain", "STG.Domain\STG.Domain.csproj", "{88FA9D0B-B687-4CC9-97E1-08258A5948A2}"
EndProject
Global
	GlobalSection(SolutionConfigurationPlatforms) = preSolution
		Debug|Any CPU = Debug|Any CPU
		Release|Any CPU = Release|Any CPU
	EndGlobalSection
	GlobalSection(ProjectConfigurationPlatforms) = postSolution
		{7C3FF466-3FEF-4D8A-A7B7-F90E439EE251}.Debug|Any CPU.ActiveCfg = Debug|Any CPU
		{7C3FF466-3FEF-4D8A-A7B7-F90E439EE251}.Debug|Any CPU.Build.0 = Debug|Any CPU
		{7C3FF466-3FEF-4D8A-A7B7-F90E439EE251}.Release|Any CPU.ActiveCfg = Release|Any CPU
		{7C3FF466-3FEF-4D8A-A7B7-F90E439EE251}.Release|Any CPU.Build.0 = Release|Any CPU
		{AA5F923F-9550-4524-B9E4-25DA044CDFB3}.Debug|Any CPU.ActiveCfg = Debug|Any CPU
		{AA5F923F-9550-4524-B9E4-25DA044CDFB3}.Debug|Any CPU.Build.0 = Debug|Any CPU
		{AA5F923F-9550-4524-B9E4-25DA044CDFB3}.Release|Any CPU.ActiveCfg = Release|Any CPU
		{AA5F923F-9550-4524-B9E4-25DA044CDFB3}.Release|Any CPU.Build.0 = Release|Any CPU
		{630D36E3-CE80-4679-8C18-CD254A117908}.Debug|Any CPU.ActiveCfg = Debug|Any CPU
		{630D36E3-CE80-4679-8C18-CD254A117908}.Debug|Any CPU.Build.0 = Debug|Any CPU
		{630D36E3-CE80-4679-8C18-CD254A117908}.Release|Any CPU.ActiveCfg = Release|Any CPU
		{630D36E3-CE80-4679-8C18-CD254A117908}.Release|Any CPU.Build.0 = Release|Any CPU
		{11DEB114-5A79-4624-BAB4-D337CF88509B}.Debug|Any CPU.ActiveCfg = Debug|Any CPU
		{11DEB114-5A79-4624-BAB4-D337CF88509B}.Debug|Any CPU.Build.0 = Debug|Any CPU
		{11DEB114-5A79-4624-BAB4-D337CF88509B}.Release|Any CPU.ActiveCfg = Release|Any CPU
		{11DEB114-5A79-4624-BAB4-D337CF88509B}.Release|Any CPU.Build.0 = Release|Any CPU
		{2E743568-6617-44A6-B9B0-58580184AD1B}.Debug|Any CPU.ActiveCfg = Debug|Any CPU
		{2E743568-6617-44A6-B9B0-58580184AD1B}.Debug|Any CPU.Build.0 = Debug|Any CPU
		{2E743568-6617-44A6-B9B0-58580184AD1B}.Release|Any CPU.ActiveCfg = Release|Any CPU
		{2E743568-6617-44A6-B9B0-58580184AD1B}.Release|Any CPU.Build.0 = Release|Any CPU
		{88FA9D0B-B687-4CC9-97E1-08258A5948A2}.Debug|Any CPU.ActiveCfg = Debug|Any CPU
		{88FA9D0B-B687-4CC9-97E1-08258A5948A2}.Debug|Any CPU.Build.0 = Debug|Any CPU
		{88FA9D0B-B687-4CC9-97E1-08258A5948A2}.Release|Any CPU.ActiveCfg = Release|Any CPU
		{88FA9D0B-B687-4CC9-97E1-08258A5948A2}.Release|Any CPU.Build.0 = Release|Any CPU
	EndGlobalSection
	GlobalSection(SolutionProperties) = preSolution
		HideSolutionNode = FALSE
	EndGlobalSection
EndGlobal
